
Microsoft Visual Studio Solution File, Format Version 12.00
# Visual Studio 15
VisualStudioVersion = 15.0.28307.852
MinimumVisualStudioVersion = 10.0.40219.1
Project("{FAE04EC0-301F-11D3-BF4B-00C04F79EFBC}") = "ProjectOne_Missions", "ProjectOne_Missions\ProjectOne_Missions.csproj", "{664D5811-4D18-47E0-A103-3408CCA2A537}"
EndProject
Global
	GlobalSection(SolutionConfigurationPlatforms) = preSolution
		Debug|Any CPU = Debug|Any CPU
		Release|Any CPU = Release|Any CPU
	EndGlobalSection
	GlobalSection(ProjectConfigurationPlatforms) = postSolution
		{664D5811-4D18-47E0-A103-3408CCA2A537}.Debug|Any CPU.ActiveCfg = Debug|Any CPU
		{664D5811-4D18-47E0-A103-3408CCA2A537}.Debug|Any CPU.Build.0 = Debug|Any CPU
		{664D5811-4D18-47E0-A103-3408CCA2A537}.Release|Any CPU.ActiveCfg = Release|Any CPU
		{664D5811-4D18-47E0-A103-3408CCA2A537}.Release|Any CPU.Build.0 = Release|Any CPU
	EndGlobalSection
	GlobalSection(SolutionProperties) = preSolution
		HideSolutionNode = FALSE
	EndGlobalSection
	GlobalSection(ExtensibilityGlobals) = postSolution
		SolutionGuid = {909198BA-118E-4752-83FF-E810C45644F2}
	EndGlobalSection
EndGlobal
